
Microsoft Visual Studio Solution File, Format Version 12.00
Project("{2150E333-8FDC-42A3-9474-1A3956D46DE8}") = "src", "src", "{8F81FAA5-44E1-447E-98DB-64A887ABC8A9}"
EndProject
Project("{FAE04EC0-301F-11D3-BF4B-00C04F79EFBC}") = "HealthRecord.API", "src\HealthRecord.API\HealthRecord.API.csproj", "{04EB40E7-3342-42F6-B384-CA1F227CA4BC}"
EndProject
Project("{2150E333-8FDC-42A3-9474-1A3956D46DE8}") = "Solution Items", "Solution Items", "{BA23029A-06DC-4BA7-B99E-156D969BE770}"
	ProjectSection(SolutionItems) = preProject
		docker-compose.yml = docker-compose.yml
		.editorconfig = .editorconfig
		.dockerignore = .dockerignore
		Directory.Build.props = Directory.Build.props
		Directory.Build.targets = Directory.Build.targets
		Directory.Packages.props = Directory.Packages.props
		README.md = README.md
		nuget.config = nuget.config
		.gitignore = .gitignore
	EndProjectSection
EndProject
Project("{FAE04EC0-301F-11D3-BF4B-00C04F79EFBC}") = "SpeechRecognition.API", "src\SpeechRecognition.API\SpeechRecognition.API.csproj", "{591B6449-81AB-4734-B52A-06D86D82A43E}"
EndProject
Project("{FAE04EC0-301F-11D3-BF4B-00C04F79EFBC}") = "eHealthscape.ServiceDefaults", "src\eHealthscape.ServiceDefaults\eHealthscape.ServiceDefaults.csproj", "{D90E3A24-5251-4CD7-B281-C9260E1E1AC2}"
EndProject
Project("{2150E333-8FDC-42A3-9474-1A3956D46DE8}") = "tests", "tests", "{D01717FE-9415-426E-B301-ADB3567BACD9}"
EndProject
Project("{FAE04EC0-301F-11D3-BF4B-00C04F79EFBC}") = "HealthRecord.FunctionalTests", "tests\HealthRecord.FunctionalTests\HealthRecord.FunctionalTests.csproj", "{A0C10041-B53E-4C6B-8166-CE847154125A}"
EndProject
Project("{FAE04EC0-301F-11D3-BF4B-00C04F79EFBC}") = "Identity.API", "src\Identity.API\Identity.API.csproj", "{E7118C39-AECB-4475-9DBF-EBFBD0379290}"
EndProject
Project("{FAE04EC0-301F-11D3-BF4B-00C04F79EFBC}") = "Mobile.BFF", "src\Mobile.BFF\Mobile.BFF.csproj", "{24E0901E-141C-48B7-8B6B-302BA2A3FE9F}"
EndProject
Global
	GlobalSection(SolutionConfigurationPlatforms) = preSolution
		Debug|Any CPU = Debug|Any CPU
		Release|Any CPU = Release|Any CPU
	EndGlobalSection
	GlobalSection(NestedProjects) = preSolution
		{04EB40E7-3342-42F6-B384-CA1F227CA4BC} = {8F81FAA5-44E1-447E-98DB-64A887ABC8A9}
		{591B6449-81AB-4734-B52A-06D86D82A43E} = {8F81FAA5-44E1-447E-98DB-64A887ABC8A9}
		{D90E3A24-5251-4CD7-B281-C9260E1E1AC2} = {8F81FAA5-44E1-447E-98DB-64A887ABC8A9}
		{A0C10041-B53E-4C6B-8166-CE847154125A} = {D01717FE-9415-426E-B301-ADB3567BACD9}
		{E7118C39-AECB-4475-9DBF-EBFBD0379290} = {8F81FAA5-44E1-447E-98DB-64A887ABC8A9}
		{24E0901E-141C-48B7-8B6B-302BA2A3FE9F} = {8F81FAA5-44E1-447E-98DB-64A887ABC8A9}
	EndGlobalSection
	GlobalSection(ProjectConfigurationPlatforms) = postSolution
		{04EB40E7-3342-42F6-B384-CA1F227CA4BC}.Debug|Any CPU.ActiveCfg = Debug|Any CPU
		{04EB40E7-3342-42F6-B384-CA1F227CA4BC}.Debug|Any CPU.Build.0 = Debug|Any CPU
		{04EB40E7-3342-42F6-B384-CA1F227CA4BC}.Release|Any CPU.ActiveCfg = Release|Any CPU
		{04EB40E7-3342-42F6-B384-CA1F227CA4BC}.Release|Any CPU.Build.0 = Release|Any CPU
		{591B6449-81AB-4734-B52A-06D86D82A43E}.Debug|Any CPU.ActiveCfg = Debug|Any CPU
		{591B6449-81AB-4734-B52A-06D86D82A43E}.Debug|Any CPU.Build.0 = Debug|Any CPU
		{591B6449-81AB-4734-B52A-06D86D82A43E}.Release|Any CPU.ActiveCfg = Release|Any CPU
		{591B6449-81AB-4734-B52A-06D86D82A43E}.Release|Any CPU.Build.0 = Release|Any CPU
		{D90E3A24-5251-4CD7-B281-C9260E1E1AC2}.Debug|Any CPU.ActiveCfg = Debug|Any CPU
		{D90E3A24-5251-4CD7-B281-C9260E1E1AC2}.Debug|Any CPU.Build.0 = Debug|Any CPU
		{D90E3A24-5251-4CD7-B281-C9260E1E1AC2}.Release|Any CPU.ActiveCfg = Release|Any CPU
		{D90E3A24-5251-4CD7-B281-C9260E1E1AC2}.Release|Any CPU.Build.0 = Release|Any CPU
		{A0C10041-B53E-4C6B-8166-CE847154125A}.Debug|Any CPU.ActiveCfg = Debug|Any CPU
		{A0C10041-B53E-4C6B-8166-CE847154125A}.Debug|Any CPU.Build.0 = Debug|Any CPU
		{A0C10041-B53E-4C6B-8166-CE847154125A}.Release|Any CPU.ActiveCfg = Release|Any CPU
		{A0C10041-B53E-4C6B-8166-CE847154125A}.Release|Any CPU.Build.0 = Release|Any CPU
		{E7118C39-AECB-4475-9DBF-EBFBD0379290}.Debug|Any CPU.ActiveCfg = Debug|Any CPU
		{E7118C39-AECB-4475-9DBF-EBFBD0379290}.Debug|Any CPU.Build.0 = Debug|Any CPU
		{E7118C39-AECB-4475-9DBF-EBFBD0379290}.Release|Any CPU.ActiveCfg = Release|Any CPU
		{E7118C39-AECB-4475-9DBF-EBFBD0379290}.Release|Any CPU.Build.0 = Release|Any CPU
		{24E0901E-141C-48B7-8B6B-302BA2A3FE9F}.Debug|Any CPU.ActiveCfg = Debug|Any CPU
		{24E0901E-141C-48B7-8B6B-302BA2A3FE9F}.Debug|Any CPU.Build.0 = Debug|Any CPU
		{24E0901E-141C-48B7-8B6B-302BA2A3FE9F}.Release|Any CPU.ActiveCfg = Release|Any CPU
		{24E0901E-141C-48B7-8B6B-302BA2A3FE9F}.Release|Any CPU.Build.0 = Release|Any CPU
	EndGlobalSection
EndGlobal
